
Microsoft Visual Studio Solution File, Format Version 12.00
# Visual Studio Version 17
VisualStudioVersion = 17.5.33627.172
MinimumVisualStudioVersion = 10.0.40219.1
Project("{FAE04EC0-301F-11D3-BF4B-00C04F79EFBC}") = "BlazorProject.Server", "Server\BlazorProject.Server.csproj", "{4DF11418-6C5B-4E21-862D-17F0F2869695}"
EndProject
Project("{FAE04EC0-301F-11D3-BF4B-00C04F79EFBC}") = "BlazorProject.Client", "Client\BlazorProject.Client.csproj", "{A814329B-0CA7-4C8A-95FD-F2D317198051}"
EndProject
Project("{FAE04EC0-301F-11D3-BF4B-00C04F79EFBC}") = "BlazorProject.Shared", "Shared\BlazorProject.Shared.csproj", "{C874B2F6-E767-4D63-A858-E8B5CE668BA7}"
EndProject
Global
	GlobalSection(SolutionConfigurationPlatforms) = preSolution
		Debug|Any CPU = Debug|Any CPU
		Release|Any CPU = Release|Any CPU
	EndGlobalSection
	GlobalSection(ProjectConfigurationPlatforms) = postSolution
		{4DF11418-6C5B-4E21-862D-17F0F2869695}.Debug|Any CPU.ActiveCfg = Debug|Any CPU
		{4DF11418-6C5B-4E21-862D-17F0F2869695}.Debug|Any CPU.Build.0 = Debug|Any CPU
		{4DF11418-6C5B-4E21-862D-17F0F2869695}.Release|Any CPU.ActiveCfg = Release|Any CPU
		{4DF11418-6C5B-4E21-862D-17F0F2869695}.Release|Any CPU.Build.0 = Release|Any CPU
		{A814329B-0CA7-4C8A-95FD-F2D317198051}.Debug|Any CPU.ActiveCfg = Debug|Any CPU
		{A814329B-0CA7-4C8A-95FD-F2D317198051}.Debug|Any CPU.Build.0 = Debug|Any CPU
		{A814329B-0CA7-4C8A-95FD-F2D317198051}.Release|Any CPU.ActiveCfg = Release|Any CPU
		{A814329B-0CA7-4C8A-95FD-F2D317198051}.Release|Any CPU.Build.0 = Release|Any CPU
		{C874B2F6-E767-4D63-A858-E8B5CE668BA7}.Debug|Any CPU.ActiveCfg = Debug|Any CPU
		{C874B2F6-E767-4D63-A858-E8B5CE668BA7}.Debug|Any CPU.Build.0 = Debug|Any CPU
		{C874B2F6-E767-4D63-A858-E8B5CE668BA7}.Release|Any CPU.ActiveCfg = Release|Any CPU
		{C874B2F6-E767-4D63-A858-E8B5CE668BA7}.Release|Any CPU.Build.0 = Release|Any CPU
	EndGlobalSection
	GlobalSection(SolutionProperties) = preSolution
		HideSolutionNode = FALSE
	EndGlobalSection
	GlobalSection(ExtensibilityGlobals) = postSolution
		SolutionGuid = {A45AC8A6-FE8F-4106-82D8-D450D9D21866}
	EndGlobalSection
EndGlobal
